<?xml version="1.0" encoding="utf-8"?>
<Project ToolsVersion="4.0" xmlns="http://schemas.microsoft.com/developer/msbuild/2003">
  <ItemGroup>
    <ClCompile Include="Animations.cpp">
      <Filter>Framework\Graphics\Animations</Filter>
    </ClCompile>
    <ClCompile Include="Brick.cpp">
      <Filter>Game\Objects\Brick</Filter>
    </ClCompile>
    <ClCompile Include="Camera.cpp">
      <Filter>Framework\Camera</Filter>
    </ClCompile>
    <ClCompile Include="Game.cpp">
      <Filter>Framework\Game</Filter>
    </ClCompile>
    <ClCompile Include="GameObject.cpp">
      <Filter>Framework\GameObject</Filter>
    </ClCompile>
    <ClCompile Include="Keyboard.cpp">
      <Filter>Framework\Keyboard</Filter>
    </ClCompile>
    <ClCompile Include="Koopas.cpp">
      <Filter>Game\Enemies\Koopas</Filter>
    </ClCompile>
    <ClCompile Include="Goomba.cpp">
      <Filter>Game\Enemies\Goombas</Filter>
    </ClCompile>
    <ClCompile Include="Mario.cpp">
      <Filter>Game\Mario</Filter>
    </ClCompile>
    <ClCompile Include="Portal.cpp">
      <Filter>Game\Objects\Portal</Filter>
    </ClCompile>
    <ClCompile Include="Textures.cpp">
      <Filter>Framework\Graphics\Textures</Filter>
    </ClCompile>
    <ClCompile Include="Sprites.cpp">
      <Filter>Framework\Graphics\Sprites</Filter>
    </ClCompile>
    <ClCompile Include="Utils.cpp">
      <Filter>Framework\Libs\Utils</Filter>
    </ClCompile>
    <ClCompile Include="main.cpp">
      <Filter>Game</Filter>
    </ClCompile>
    <ClCompile Include="Collision.cpp">
      <Filter>Framework\Game</Filter>
    </ClCompile>
    <ClCompile Include="GameLoad.cpp">
      <Filter>Framework\Game</Filter>
    </ClCompile>
    <ClCompile Include="PlayScene.cpp">
      <Filter>Game\Scenes\PlayScene</Filter>
    </ClCompile>
    <ClCompile Include="Scene.cpp">
      <Filter>Framework\Scene</Filter>
    </ClCompile>
    <ClCompile Include="SweptAABB.cpp">
      <Filter>Framework\GameObject</Filter>
    </ClCompile>
    <ClCompile Include="tinyXML\tinystr.cpp">
      <Filter>Framework\Libs\tinyXML</Filter>
    </ClCompile>
    <ClCompile Include="tinyXML\tinyxml.cpp">
      <Filter>Framework\Libs\tinyXML</Filter>
    </ClCompile>
    <ClCompile Include="tinyXML\tinyxmlerror.cpp">
      <Filter>Framework\Libs\tinyXML</Filter>
    </ClCompile>
    <ClCompile Include="tinyXML\tinyxmlparser.cpp">
      <Filter>Framework\Libs\tinyXML</Filter>
    </ClCompile>
    <ClCompile Include="Map.cpp">
      <Filter>Framework\Map\Map</Filter>
    </ClCompile>
    <ClCompile Include="MapLayer.cpp">
      <Filter>Framework\Map\MapLayer</Filter>
    </ClCompile>
    <ClCompile Include="SolidBlock.cpp">
      <Filter>Game\MapObject\SolidBlock</Filter>
    </ClCompile>
    <ClCompile Include="GhostBlock.cpp">
      <Filter>Game\MapObject\GhostBlock</Filter>
    </ClCompile>
  </ItemGroup>
  <ItemGroup>
    <ClInclude Include="Animations.h">
      <Filter>Framework\Graphics\Animations</Filter>
    </ClInclude>
    <ClInclude Include="Brick.h">
      <Filter>Game\Objects\Brick</Filter>
    </ClInclude>
    <ClInclude Include="Camera.h">
      <Filter>Framework\Camera</Filter>
    </ClInclude>
    <ClInclude Include="Game.h">
      <Filter>Framework\Game</Filter>
    </ClInclude>
    <ClInclude Include="GameObject.h">
      <Filter>Framework\GameObject</Filter>
    </ClInclude>
    <ClInclude Include="Keyboard.h">
      <Filter>Framework\Keyboard</Filter>
    </ClInclude>
    <ClInclude Include="Koopas.h">
      <Filter>Game\Enemies\Koopas</Filter>
    </ClInclude>
    <ClInclude Include="Goomba.h">
      <Filter>Game\Enemies\Goombas</Filter>
    </ClInclude>
    <ClInclude Include="Mario.h">
      <Filter>Game\Mario</Filter>
    </ClInclude>
    <ClInclude Include="Portal.h">
      <Filter>Game\Objects\Portal</Filter>
    </ClInclude>
    <ClInclude Include="Textures.h">
      <Filter>Framework\Graphics\Textures</Filter>
    </ClInclude>
    <ClInclude Include="Sprites.h">
      <Filter>Framework\Graphics\Sprites</Filter>
    </ClInclude>
    <ClInclude Include="Utils.h">
      <Filter>Framework\Libs\Utils</Filter>
    </ClInclude>
    <ClInclude Include="PlayScene.h">
      <Filter>Game\Scenes\PlayScene</Filter>
    </ClInclude>
    <ClInclude Include="Scene.h">
      <Filter>Framework\Scene</Filter>
    </ClInclude>
    <ClInclude Include="tinyXML\tinystr.h">
      <Filter>Framework\Libs\tinyXML</Filter>
    </ClInclude>
    <ClInclude Include="tinyXML\tinyxml.h">
      <Filter>Framework\Libs\tinyXML</Filter>
    </ClInclude>
    <ClInclude Include="Map.h">
      <Filter>Framework\Map\Map</Filter>
    </ClInclude>
    <ClInclude Include="MapLayer.h">
      <Filter>Framework\Map\MapLayer</Filter>
    </ClInclude>
    <ClInclude Include="SolidBlock.h">
      <Filter>Game\MapObject\SolidBlock</Filter>
    </ClInclude>
    <ClInclude Include="GhostBlock.h">
      <Filter>Game\MapObject\GhostBlock</Filter>
    </ClInclude>
  </ItemGroup>
  <ItemGroup>
    <Filter Include="Framework">
      <UniqueIdentifier>{d00aed8b-0e0b-4e20-b34c-5fa5f9b4c287}</UniqueIdentifier>
    </Filter>
    <Filter Include="Game">
      <UniqueIdentifier>{134446d0-05d4-4ccd-b3ab-53313875371a}</UniqueIdentifier>
    </Filter>
    <Filter Include="Framework\Graphics">
      <UniqueIdentifier>{895d85d7-f618-4409-bf9e-d6ac2660a85a}</UniqueIdentifier>
    </Filter>
    <Filter Include="Framework\Keyboard">
      <UniqueIdentifier>{e51403f7-f01e-407f-b6a5-92fe711970f9}</UniqueIdentifier>
    </Filter>
    <Filter Include="Framework\Scene">
      <UniqueIdentifier>{90d49a78-26ec-4109-9c09-92d33aced5d8}</UniqueIdentifier>
    </Filter>
    <Filter Include="Framework\Graphics\Animations">
      <UniqueIdentifier>{ae75c605-c04f-40c5-8de2-4b43160d7ff0}</UniqueIdentifier>
    </Filter>
    <Filter Include="Framework\Graphics\Textures">
      <UniqueIdentifier>{e4fc3cec-2960-4b73-8ed8-5cddbe3f6059}</UniqueIdentifier>
    </Filter>
    <Filter Include="Framework\Graphics\Sprites">
      <UniqueIdentifier>{40eeb4f0-5bc5-4ee7-9c5e-1eec568e4e25}</UniqueIdentifier>
    </Filter>
    <Filter Include="Framework\Game">
      <UniqueIdentifier>{1bc03f9a-7276-4cc2-b709-b50257433885}</UniqueIdentifier>
    </Filter>
    <Filter Include="Framework\Camera">
      <UniqueIdentifier>{612f9b69-1c84-4b12-becc-a17b364d5dba}</UniqueIdentifier>
    </Filter>
    <Filter Include="Game\Mario">
      <UniqueIdentifier>{0d5c4007-cc9b-40cb-9414-60b02b11f15f}</UniqueIdentifier>
    </Filter>
    <Filter Include="Game\Objects">
      <UniqueIdentifier>{88977cd3-339e-4a65-bd79-3ffe9bcd7a95}</UniqueIdentifier>
    </Filter>
    <Filter Include="Game\Objects\Brick">
      <UniqueIdentifier>{17f5de1e-9c70-4a0f-bd4b-fc3f3a4d733d}</UniqueIdentifier>
    </Filter>
    <Filter Include="Game\Enemies">
      <UniqueIdentifier>{ed55107d-6aef-428c-a14f-2e5dc2cbbc6b}</UniqueIdentifier>
    </Filter>
    <Filter Include="Game\Enemies\Koopas">
      <UniqueIdentifier>{1a22a819-3f43-462f-95f4-a56fb241188b}</UniqueIdentifier>
    </Filter>
    <Filter Include="Game\Enemies\Goombas">
      <UniqueIdentifier>{ff31c1d7-4cbc-4aae-b627-ddc0213af472}</UniqueIdentifier>
    </Filter>
    <Filter Include="Game\Objects\Portal">
      <UniqueIdentifier>{2eecf0ac-7cc2-448a-8f38-269b503ee2c7}</UniqueIdentifier>
    </Filter>
    <Filter Include="Framework\Libs">
      <UniqueIdentifier>{0c1dd5a6-be24-4f95-95e6-39291c3fc08d}</UniqueIdentifier>
    </Filter>
    <Filter Include="Framework\Libs\Utils">
      <UniqueIdentifier>{9532320a-13ca-4d95-8835-688f0adab903}</UniqueIdentifier>
    </Filter>
    <Filter Include="Framework\Libs\tinyXML">
      <UniqueIdentifier>{b0ce53df-2013-4da9-8a00-798b2b3db551}</UniqueIdentifier>
    </Filter>
    <Filter Include="Resources">
      <UniqueIdentifier>{25af2078-3b13-4ce2-8e1b-cc18042eceec}</UniqueIdentifier>
    </Filter>
    <Filter Include="Resources\Textures">
      <UniqueIdentifier>{ee95638a-d986-458c-b220-d299fc7692e6}</UniqueIdentifier>
    </Filter>
    <Filter Include="Resources\Animations">
      <UniqueIdentifier>{8da276b0-616f-47e0-b803-b3335c9a5328}</UniqueIdentifier>
    </Filter>
    <Filter Include="Resources\Sprites">
      <UniqueIdentifier>{0b9b4c28-f92d-4076-aaf2-9c44486194be}</UniqueIdentifier>
    </Filter>
    <Filter Include="Resources\Scenes">
      <UniqueIdentifier>{77d614cf-c6dc-4963-bc0f-4a3ef737db20}</UniqueIdentifier>
    </Filter>
    <Filter Include="Resources\Maps">
      <UniqueIdentifier>{957b04ec-e5fd-4543-bcde-a6cf07af3bb0}</UniqueIdentifier>
    </Filter>
    <Filter Include="Framework\Map">
      <UniqueIdentifier>{02ff73a2-5581-4f90-a492-a4c0af709dab}</UniqueIdentifier>
    </Filter>
    <Filter Include="Resources\Maps\Demo">
      <UniqueIdentifier>{196f24d4-b229-491d-9606-0cc3f6a3f974}</UniqueIdentifier>
    </Filter>
    <Filter Include="Framework\Map\MapLayer">
      <UniqueIdentifier>{81d8d168-a9ad-4d97-80d8-c0af613c7c56}</UniqueIdentifier>
    </Filter>
    <Filter Include="Framework\Map\Map">
      <UniqueIdentifier>{6fbd36e3-6eac-43a8-b7bf-e87198590598}</UniqueIdentifier>
    </Filter>
    <Filter Include="Game\Scenes">
      <UniqueIdentifier>{4ff93566-5170-48f7-be71-25e2e7a3caca}</UniqueIdentifier>
    </Filter>
    <Filter Include="Game\Scenes\PlayScene">
      <UniqueIdentifier>{4e2d8ce6-2038-4ca4-ad0b-2872c5ebeea9}</UniqueIdentifier>
    </Filter>
    <Filter Include="Resources\Maps\World 1-1">
      <UniqueIdentifier>{cffc1beb-c0ce-4d82-9cbe-70b6b0bbbcc5}</UniqueIdentifier>
    </Filter>
    <Filter Include="Game\MapObject">
      <UniqueIdentifier>{60029a8e-a7fc-4440-b0c0-d02a669d24aa}</UniqueIdentifier>
    </Filter>
    <Filter Include="Framework\Map\ObjectLayer">
      <UniqueIdentifier>{3b4d45d1-5330-42b7-b3ef-220b7bc10054}</UniqueIdentifier>
    </Filter>
    <Filter Include="Framework\GameObject">
      <UniqueIdentifier>{fd873f02-1627-4a91-9996-4b918f12cc1c}</UniqueIdentifier>
    </Filter>
    <Filter Include="Game\MapObject\SolidBlock">
      <UniqueIdentifier>{7ac20bbf-ca32-4a23-b070-eb63f55ab485}</UniqueIdentifier>
    </Filter>
    <Filter Include="Game\MapObject\GhostBlock">
      <UniqueIdentifier>{8aed6746-8870-4ca0-8ed4-297094b9a2d3}</UniqueIdentifier>
    </Filter>
  </ItemGroup>
  <ItemGroup>
    <Xml Include="Resource\Animations\MiscAnim.xml">
      <Filter>Resources\Animations</Filter>
    </Xml>
    <Xml Include="Resource\Animations\MarioAnim.xml">
      <Filter>Resources\Animations</Filter>
    </Xml>
    <Xml Include="Resource\Animations\EnemyAnim.xml">
      <Filter>Resources\Animations</Filter>
    </Xml>
    <Xml Include="Resource\GameData.xml">
      <Filter>Resources</Filter>
    </Xml>
    <Xml Include="Resource\Animations\EffectAnim.xml">
      <Filter>Resources\Animations</Filter>
    </Xml>
    <Xml Include="Resource\Animations\IntroAnim.xml">
      <Filter>Resources\Animations</Filter>
    </Xml>
    <Xml Include="Resource\Animations\OverworldMapAnim.xml">
      <Filter>Resources\Animations</Filter>
    </Xml>
    <Xml Include="Resource\Animations\UiAnim.xml">
      <Filter>Resources\Animations</Filter>
    </Xml>
    <Xml Include="Resource\Sprites\EffectDB.xml">
      <Filter>Resources\Sprites</Filter>
    </Xml>
    <Xml Include="Resource\Sprites\EnemyDB.xml">
      <Filter>Resources\Sprites</Filter>
    </Xml>
    <Xml Include="Resource\Sprites\IntroDB.xml">
      <Filter>Resources\Sprites</Filter>
    </Xml>
    <Xml Include="Resource\Sprites\MarioDB.xml">
      <Filter>Resources\Sprites</Filter>
    </Xml>
    <Xml Include="Resource\Sprites\MiscDB.xml">
      <Filter>Resources\Sprites</Filter>
    </Xml>
    <Xml Include="Resource\Sprites\OverworldMapDB.xml">
      <Filter>Resources\Sprites</Filter>
    </Xml>
    <Xml Include="Resource\Sprites\UiDB.xml">
      <Filter>Resources\Sprites</Filter>
    </Xml>
    <Xml Include="Resource\Scenes\Intro.xml">
      <Filter>Resources\Scenes</Filter>
    </Xml>
    <Xml Include="Resource\Scenes\Overworld.xml">
      <Filter>Resources\Scenes</Filter>
    </Xml>
    <Xml Include="Resource\Scenes\World1-1.xml">
      <Filter>Resources\Scenes</Filter>
    </Xml>
    <Xml Include="Resource\Scenes\World1-4.xml">
      <Filter>Resources\Scenes</Filter>
    </Xml>
    <Xml Include="Resource\Scenes\demo.xml">
      <Filter>Resources\Scenes</Filter>
    </Xml>
    <Xml Include="Resource\Map\World1-1\objecttypes.xml">
      <Filter>Resources\Maps\World 1-1</Filter>
    </Xml>
  </ItemGroup>
  <ItemGroup>
    <Image Include="Resource\Textures\box.png">
      <Filter>Resources\Textures</Filter>
    </Image>
    <Image Include="Resource\Textures\box-small.png">
      <Filter>Resources\Textures</Filter>
    </Image>
    <Image Include="Resource\Textures\brick-debris.png">
      <Filter>Resources\Textures</Filter>
    </Image>
    <Image Include="Resource\Textures\dialogs.png">
      <Filter>Resources\Textures</Filter>
    </Image>
    <Image Include="Resource\Textures\dialogs_x3.png">
      <Filter>Resources\Textures</Filter>
    </Image>
    <Image Include="Resource\Textures\effect_white_254_x3.png">
      <Filter>Resources\Textures</Filter>
    </Image>
    <Image Include="Resource\Textures\enemy.png">
      <Filter>Resources\Textures</Filter>
    </Image>
    <Image Include="Resource\Textures\enemy_white.png">
      <Filter>Resources\Textures</Filter>
    </Image>
    <Image Include="Resource\Textures\fire-ball.png">
      <Filter>Resources\Textures</Filter>
    </Image>
    <Image Include="Resource\Textures\fire-ball-white.png">
      <Filter>Resources\Textures</Filter>
    </Image>
    <Image Include="Resource\Textures\hud_dialog.png">
      <Filter>Resources\Textures</Filter>
    </Image>
    <Image Include="Resource\Textures\intro (1).png">
      <Filter>Resources\Textures</Filter>
    </Image>
    <Image Include="Resource\Textures\intro.png">
      <Filter>Resources\Textures</Filter>
    </Image>
    <Image Include="Resource\Textures\intro_x3.png">
      <Filter>Resources\Textures</Filter>
    </Image>
    <Image Include="Resource\Textures\items.png">
      <Filter>Resources\Textures</Filter>
    </Image>
    <Image Include="Resource\Textures\mario.png">
      <Filter>Resources\Textures</Filter>
    </Image>
    <Image Include="Resource\Textures\misc_x3.png">
      <Filter>Resources\Textures</Filter>
    </Image>
    <Image Include="Resource\Textures\overworld_x3.png">
      <Filter>Resources\Textures</Filter>
    </Image>
    <Image Include="Resource\Textures\pipe.png">
      <Filter>Resources\Textures</Filter>
    </Image>
    <Image Include="Resource\Textures\reward_x3.png">
      <Filter>Resources\Textures</Filter>
    </Image>
    <Image Include="Resource\Textures\test-box.png">
      <Filter>Resources\Textures</Filter>
    </Image>
    <Image Include="Resource\Textures\ui.png">
      <Filter>Resources\Textures</Filter>
    </Image>
    <Image Include="Resource\Textures\ui_x3.png">
      <Filter>Resources\Textures</Filter>
    </Image>
    <Image Include="Resource\Map\World1-1\Demo.png">
      <Filter>Resources\Maps\World 1-1</Filter>
    </Image>
    <Image Include="Resource\Map\World1-1\world-1-1.png">
      <Filter>Resources\Maps\World 1-1</Filter>
    </Image>
  </ItemGroup>
  <ItemGroup>
    <None Include="Resource\Textures\intro.psd">
      <Filter>Resources\Textures</Filter>
    </None>
    <None Include="Resource\Map\Demo\demo.tmx">
      <Filter>Resources\Maps\Demo</Filter>
    </None>
    <None Include="Resource\Map\World1-1\world-1-1.tsx">
      <Filter>Resources\Maps\World 1-1</Filter>
    </None>
    <None Include="Resource\Map\World1-1\world-1-1-map.tmx">
      <Filter>Resources\Maps\World 1-1</Filter>
    </None>
    <None Include="Resource\Map\World1-1\world-1-1-map-obj.tmx">
      <Filter>Resources\Maps\World 1-1</Filter>
    </None>
  </ItemGroup>
</Project>