<?xml version="1.0" encoding="utf-8"?>
<Project ToolsVersion="4.0" xmlns="http://schemas.microsoft.com/developer/msbuild/2003">
  <ItemGroup>
    <ClCompile Include="BigMario.cpp">
      <Filter>Game\Mario\MBig</Filter>
    </ClCompile>
    <ClCompile Include="Animations.cpp">
      <Filter>Framework\Graphics\Animations</Filter>
    </ClCompile>
    <ClCompile Include="BeginPortal.cpp">
      <Filter>Game\Portals\BeginPortals</Filter>
    </ClCompile>
    <ClCompile Include="BoomBro.cpp">
      <Filter>Game\Enemies\Boombro</Filter>
    </ClCompile>
    <ClCompile Include="BoomBound.cpp">
      <Filter>Game\Blocks\Stills\Bounds</Filter>
    </ClCompile>
    <ClCompile Include="Boomerang.cpp">
      <Filter>Game\Enemies\Boombro</Filter>
    </ClCompile>
    <ClCompile Include="BrickBreak.cpp">
      <Filter>Game\Effects\FX\BrickBreak</Filter>
    </ClCompile>
    <ClCompile Include="Brick.cpp">
      <Filter>Game\Blocks\Brick</Filter>
    </ClCompile>
    <ClCompile Include="Camera.cpp">
      <Filter>Framework\Camera</Filter>
    </ClCompile>
    <ClCompile Include="Cell.cpp">
      <Filter>Framework\Grid</Filter>
    </ClCompile>
    <ClCompile Include="Effects.cpp">
      <Filter>Game\Effects\Base</Filter>
    </ClCompile>
    <ClCompile Include="EffectVault.cpp">
      <Filter>Game\Effects\Base</Filter>
    </ClCompile>
    <ClCompile Include="EndCard.cpp">
      <Filter>Game\Rewards\EndCard</Filter>
    </ClCompile>
    <ClCompile Include="EndPortal.cpp">
      <Filter>Game\Portals\EndPortals</Filter>
    </ClCompile>
    <ClCompile Include="EndSceneText.cpp">
      <Filter>Game\Effects\FX\EndSceneTxt</Filter>
    </ClCompile>
    <ClCompile Include="Coin.cpp">
      <Filter>Game\Rewards\Coin</Filter>
    </ClCompile>
    <ClCompile Include="CoinBrick.cpp">
      <Filter>Game\Blocks\CoinBrick</Filter>
    </ClCompile>
    <ClCompile Include="WorldScene.cpp">
      <Filter>Game\Scenes\WorldScene</Filter>
    </ClCompile>
    <ClCompile Include="Font.cpp">
      <Filter>Framework\Font</Filter>
    </ClCompile>
    <ClCompile Include="FlyingCard.cpp">
      <Filter>Game\Effects\FX\FlyingCard</Filter>
    </ClCompile>
    <ClCompile Include="FireBall.cpp">
      <Filter>Game\Mario\MFire</Filter>
    </ClCompile>
    <ClCompile Include="GameObject.cpp">
      <Filter>Framework\GameObj</Filter>
    </ClCompile>
    <ClCompile Include="GameLoad.cpp">
      <Filter>Framework\Game</Filter>
    </ClCompile>
    <ClCompile Include="Game.cpp">
      <Filter>Framework\Game</Filter>
    </ClCompile>
    <ClCompile Include="Goomba.cpp">
      <Filter>Game\Enemies\Goombas</Filter>
    </ClCompile>
    <ClCompile Include="FireMario.cpp">
      <Filter>Game\Mario\MFire</Filter>
    </ClCompile>
    <ClCompile Include="Collision.cpp">
      <Filter>Framework\Game</Filter>
    </ClCompile>
    <ClCompile Include="GhostBlock.cpp">
      <Filter>Game\Blocks\Stills\Ghost</Filter>
    </ClCompile>
    <ClCompile Include="GreenMushroom.cpp">
      <Filter>Game\Rewards\GreenMush</Filter>
    </ClCompile>
    <ClCompile Include="Grid.cpp">
      <Filter>Framework\Grid</Filter>
    </ClCompile>
    <ClCompile Include="Keyboard.cpp">
      <Filter>Framework\Keyboard</Filter>
    </ClCompile>
    <ClCompile Include="Leaf.cpp">
      <Filter>Game\Rewards\Leaf</Filter>
    </ClCompile>
    <ClCompile Include="Koopas.cpp">
      <Filter>Game\Enemies\Koopas</Filter>
    </ClCompile>
    <ClCompile Include="HUD.cpp">
      <Filter>Game\HUD</Filter>
    </ClCompile>
    <ClCompile Include="KoopasBound.cpp">
      <Filter>Game\Blocks\Stills\Bounds</Filter>
    </ClCompile>
    <ClCompile Include="main.cpp">
      <Filter>Game</Filter>
    </ClCompile>
    <ClCompile Include="MarioDieFx.cpp">
      <Filter>Game\Effects\FX\DieFx</Filter>
    </ClCompile>
    <ClCompile Include="Mario.cpp">
      <Filter>Game\Mario</Filter>
    </ClCompile>
    <ClCompile Include="MusicNote.cpp">
      <Filter>Game\Blocks\Music</Filter>
    </ClCompile>
    <ClCompile Include="Pipe.cpp">
      <Filter>Game\Blocks\Pipe</Filter>
    </ClCompile>
    <ClCompile Include="PlayerData.cpp">
      <Filter>Game\PlayerData</Filter>
    </ClCompile>
    <ClCompile Include="Piranha.cpp">
      <Filter>Game\Enemies\Venus</Filter>
    </ClCompile>
    <ClCompile Include="PlaySceneLoad.cpp">
      <Filter>Game\Scenes\PlayScene</Filter>
    </ClCompile>
    <ClCompile Include="PlayScene.cpp">
      <Filter>Game\Scenes\PlayScene</Filter>
    </ClCompile>
    <ClCompile Include="PoofFx.cpp">
      <Filter>Game\Effects\FX\TransFx\Poof</Filter>
    </ClCompile>
    <ClCompile Include="MarioTransform.cpp">
      <Filter>Game\Effects\FX\TransFx\Trans</Filter>
    </ClCompile>
    <ClCompile Include="RacoonMario.cpp">
      <Filter>Game\Mario\MRacoon</Filter>
    </ClCompile>
    <ClCompile Include="RacoonTail.cpp">
      <Filter>Game\Mario\MRacoon\Tail</Filter>
    </ClCompile>
    <ClCompile Include="RedGoomba.cpp">
      <Filter>Game\Enemies\RedGoombas</Filter>
    </ClCompile>
    <ClCompile Include="RedNormalKoopas.cpp">
      <Filter>Game\Enemies\Koopas\Red\Normal</Filter>
    </ClCompile>
    <ClCompile Include="RedShelledKoopas.cpp">
      <Filter>Game\Enemies\Koopas\Red\Shell</Filter>
    </ClCompile>
    <ClCompile Include="NormalRG.cpp">
      <Filter>Game\Enemies\RedGoombas\States\Normal</Filter>
    </ClCompile>
    <ClCompile Include="RedSlidingShell.cpp">
      <Filter>Game\Enemies\Koopas\Red\Sliding</Filter>
    </ClCompile>
    <ClCompile Include="Scene.cpp">
      <Filter>Framework\Scene</Filter>
    </ClCompile>
    <ClCompile Include="SmallMario.cpp">
      <Filter>Game\Mario\MSmall</Filter>
    </ClCompile>
    <ClCompile Include="RedMushroom.cpp">
      <Filter>Game\Rewards\GreenMush</Filter>
    </ClCompile>
    <ClCompile Include="Shell.cpp">
      <Filter>Game\Enemies\Koopas\Green\Shell</Filter>
    </ClCompile>
    <ClCompile Include="SlidingShell.cpp">
      <Filter>Game\Enemies\Koopas\Green\Sliding</Filter>
    </ClCompile>
    <ClCompile Include="Textures.cpp">
      <Filter>Framework\Graphics\Textures</Filter>
    </ClCompile>
    <ClCompile Include="Venus.cpp">
      <Filter>Game\Enemies\Venus</Filter>
    </ClCompile>
    <ClCompile Include="VenusFireBall.cpp">
      <Filter>Game\Enemies\Venus</Filter>
    </ClCompile>
    <ClCompile Include="Sprites.cpp">
      <Filter>Framework\Graphics\Sprites</Filter>
    </ClCompile>
    <ClCompile Include="MoneyFx.cpp">
      <Filter>Game\Effects\FX\RewardFx\Money</Filter>
    </ClCompile>
    <ClCompile Include="ScoreFx.cpp">
      <Filter>Game\Effects\FX\RewardFx\Score</Filter>
    </ClCompile>
    <ClCompile Include="StarWhipTail.cpp">
      <Filter>Game\Effects\FX\TransFx\StarWhipTail</Filter>
    </ClCompile>
    <ClCompile Include="ToBigMario.cpp">
      <Filter>Game\Effects\FX\TransFx\ToBig</Filter>
    </ClCompile>
    <ClCompile Include="ToSmallMario.cpp">
      <Filter>Game\Effects\FX\TransFx\ToSmall</Filter>
    </ClCompile>
    <ClCompile Include="QuestionBlock.cpp">
      <Filter>Game\Blocks\QuestionBlock</Filter>
    </ClCompile>
    <ClCompile Include="SolidBlock.cpp">
      <Filter>Game\Blocks\Stills\Solid</Filter>
    </ClCompile>
    <ClCompile Include="StrawCube.cpp">
      <Filter>Game\Blocks\StrawCube</Filter>
    </ClCompile>
    <ClCompile Include="SweptAABB.cpp">
      <Filter>Framework\GameObj</Filter>
    </ClCompile>
    <ClCompile Include="Text.cpp">
      <Filter>Framework\Font</Filter>
    </ClCompile>
    <ClCompile Include="WingedKoopas.cpp">
      <Filter>Game\Enemies\Koopas\Green\Winged</Filter>
    </ClCompile>
    <ClCompile Include="WingedRG.cpp">
      <Filter>Game\Enemies\RedGoombas\States\Winged</Filter>
    </ClCompile>
    <ClCompile Include="Utils.cpp">
      <Filter>Framework\Libs\Utils</Filter>
    </ClCompile>
    <ClCompile Include="Void.cpp">
      <Filter>Game\Blocks\Stills\Void</Filter>
    </ClCompile>
    <ClCompile Include="tinyXML\tinystr.cpp">
      <Filter>Framework\Libs\tinyxml</Filter>
    </ClCompile>
    <ClCompile Include="tinyXML\tinyxml.cpp">
      <Filter>Framework\Libs\tinyxml</Filter>
    </ClCompile>
    <ClCompile Include="tinyXML\tinyxmlerror.cpp">
      <Filter>Framework\Libs\tinyxml</Filter>
    </ClCompile>
    <ClCompile Include="tinyXML\tinyxmlparser.cpp">
      <Filter>Framework\Libs\tinyxml</Filter>
    </ClCompile>
    <ClCompile Include="Entries.cpp">
      <Filter>Game\Overworld\Entries</Filter>
    </ClCompile>
    <ClCompile Include="MapEntry.cpp">
      <Filter>Game\Overworld\MapEntry</Filter>
    </ClCompile>
    <ClCompile Include="MapMario.cpp">
      <Filter>Game\Overworld\Mario</Filter>
    </ClCompile>
    <ClCompile Include="Map.cpp">
      <Filter>Game\Map\Map</Filter>
    </ClCompile>
    <ClCompile Include="MapLayer.cpp">
      <Filter>Game\Map\MapLayers</Filter>
    </ClCompile>
    <ClCompile Include="PSwitch.cpp">
      <Filter>Game\Rewards\PSwitch</Filter>
    </ClCompile>
    <ClCompile Include="Portal.cpp">
      <Filter>Game\Portals\CPortal</Filter>
    </ClCompile>
    <ClCompile Include="NormalKoopas.cpp">
      <Filter>Game\Enemies\Koopas\Green\Normal</Filter>
    </ClCompile>
    <ClCompile Include="QBlockBounce.cpp">
      <Filter>Game\Effects\FX\TreesFx\QBB</Filter>
    </ClCompile>
    <ClCompile Include="OverworldTrees.cpp">
      <Filter>Game\Effects\FX\TreesFx\JigglyTrees</Filter>
    </ClCompile>
    <ClCompile Include="IntroScene.cpp">
      <Filter>Game\Scenes\Intro</Filter>
    </ClCompile>
    <ClCompile Include="Curtain.cpp">
      <Filter>Game\Effects\Intro\Curtain</Filter>
    </ClCompile>
    <ClCompile Include="GameTitle.cpp">
      <Filter>Game\Effects\Intro\Title</Filter>
    </ClCompile>
    <ClCompile Include="IntroBackground.cpp">
      <Filter>Game\Effects\Intro\Background</Filter>
    </ClCompile>
    <ClCompile Include="ArrowPicker.cpp">
      <Filter>Game\Scenes\Intro\Arrow</Filter>
    </ClCompile>
    <ClCompile Include="BrickSpecks.cpp">
      <Filter>Game\Effects\FX\BrickBreak\BrickSpeck</Filter>
    </ClCompile>
    <ClCompile Include="NormalGoomba.cpp">
      <Filter>Game\Enemies\Goombas\Normal</Filter>
    </ClCompile>
    <ClCompile Include="WingedGoomba.cpp">
      <Filter>Game\Enemies\Goombas\WingedGoomba</Filter>
    </ClCompile>
    <ClCompile Include="Card.cpp" />
  </ItemGroup>
  <ItemGroup>
    <ClInclude Include="BigMario.h">
      <Filter>Game\Mario\MBig</Filter>
    </ClInclude>
    <ClInclude Include="Animations.h">
      <Filter>Framework\Graphics\Animations</Filter>
    </ClInclude>
    <ClInclude Include="BeginPortal.h">
      <Filter>Game\Portals\BeginPortals</Filter>
    </ClInclude>
    <ClInclude Include="BoomBro.h">
      <Filter>Game\Enemies\Boombro</Filter>
    </ClInclude>
    <ClInclude Include="BoomBound.h">
      <Filter>Game\Blocks\Stills\Bounds</Filter>
    </ClInclude>
    <ClInclude Include="Boomerang.h">
      <Filter>Game\Enemies\Boombro</Filter>
    </ClInclude>
    <ClInclude Include="BrickBreak.h">
      <Filter>Game\Effects\FX\BrickBreak</Filter>
    </ClInclude>
    <ClInclude Include="Brick.h">
      <Filter>Game\Blocks\Brick</Filter>
    </ClInclude>
    <ClInclude Include="Camera.h">
      <Filter>Framework\Camera</Filter>
    </ClInclude>
    <ClInclude Include="Cell.h">
      <Filter>Framework\Grid</Filter>
    </ClInclude>
    <ClInclude Include="Effects.h">
      <Filter>Game\Effects\Base</Filter>
    </ClInclude>
    <ClInclude Include="EffectVault.h">
      <Filter>Game\Effects\Base</Filter>
    </ClInclude>
    <ClInclude Include="EndCard.h">
      <Filter>Game\Rewards\EndCard</Filter>
    </ClInclude>
    <ClInclude Include="EndPortal.h">
      <Filter>Game\Portals\EndPortals</Filter>
    </ClInclude>
    <ClInclude Include="EndSceneText.h">
      <Filter>Game\Effects\FX\EndSceneTxt</Filter>
    </ClInclude>
    <ClInclude Include="Coin.h">
      <Filter>Game\Rewards\Coin</Filter>
    </ClInclude>
    <ClInclude Include="CoinBrick.h">
      <Filter>Game\Blocks\CoinBrick</Filter>
    </ClInclude>
    <ClInclude Include="WorldScene.h">
      <Filter>Game\Scenes\WorldScene</Filter>
    </ClInclude>
    <ClInclude Include="Font.h">
      <Filter>Framework\Font</Filter>
    </ClInclude>
    <ClInclude Include="FlyingCard.h">
      <Filter>Game\Effects\FX\FlyingCard</Filter>
    </ClInclude>
    <ClInclude Include="FireBall.h">
      <Filter>Game\Mario\MFire</Filter>
    </ClInclude>
    <ClInclude Include="Game.h">
      <Filter>Framework\Game</Filter>
    </ClInclude>
    <ClInclude Include="GameObject.h">
      <Filter>Framework\GameObj</Filter>
    </ClInclude>
    <ClInclude Include="Goomba.h">
      <Filter>Game\Enemies\Goombas</Filter>
    </ClInclude>
    <ClInclude Include="FireMario.h">
      <Filter>Game\Mario\MFire</Filter>
    </ClInclude>
    <ClInclude Include="GhostBlock.h">
      <Filter>Game\Blocks\Stills\Ghost</Filter>
    </ClInclude>
    <ClInclude Include="GreenMushroom.h">
      <Filter>Game\Rewards\GreenMush</Filter>
    </ClInclude>
    <ClInclude Include="Grid.h">
      <Filter>Framework\Grid</Filter>
    </ClInclude>
    <ClInclude Include="Keyboard.h">
      <Filter>Framework\Keyboard</Filter>
    </ClInclude>
    <ClInclude Include="Leaf.h">
      <Filter>Game\Rewards\Leaf</Filter>
    </ClInclude>
    <ClInclude Include="Koopas.h">
      <Filter>Game\Enemies\Koopas</Filter>
    </ClInclude>
    <ClInclude Include="HUD.h">
      <Filter>Game\HUD</Filter>
    </ClInclude>
    <ClInclude Include="KoopasBound.h">
      <Filter>Game\Blocks\Stills\Bounds</Filter>
    </ClInclude>
    <ClInclude Include="MarioDieFx.h">
      <Filter>Game\Effects\FX\DieFx</Filter>
    </ClInclude>
    <ClInclude Include="Mario.h">
      <Filter>Game\Mario</Filter>
    </ClInclude>
    <ClInclude Include="MarioConstants.h">
      <Filter>Game\Mario</Filter>
    </ClInclude>
    <ClInclude Include="EnemiesConstants.h">
      <Filter>Game\Enemies</Filter>
    </ClInclude>
    <ClInclude Include="MusicNote.h">
      <Filter>Game\Blocks\Music</Filter>
    </ClInclude>
    <ClInclude Include="Pipe.h">
      <Filter>Game\Blocks\Pipe</Filter>
    </ClInclude>
    <ClInclude Include="PlayerData.h">
      <Filter>Game\PlayerData</Filter>
    </ClInclude>
    <ClInclude Include="Piranha.h">
      <Filter>Game\Enemies\Venus</Filter>
    </ClInclude>
    <ClInclude Include="PlayScene.h">
      <Filter>Game\Scenes\PlayScene</Filter>
    </ClInclude>
    <ClInclude Include="PoofFx.h">
      <Filter>Game\Effects\FX\TransFx\Poof</Filter>
    </ClInclude>
    <ClInclude Include="MarioTransform.h">
      <Filter>Game\Effects\FX\TransFx\Trans</Filter>
    </ClInclude>
    <ClInclude Include="RacoonMario.h">
      <Filter>Game\Mario\MRacoon</Filter>
    </ClInclude>
    <ClInclude Include="RacoonTail.h">
      <Filter>Game\Mario\MRacoon\Tail</Filter>
    </ClInclude>
    <ClInclude Include="RedGoomba.h">
      <Filter>Game\Enemies\RedGoombas</Filter>
    </ClInclude>
    <ClInclude Include="RedNormalKoopas.h">
      <Filter>Game\Enemies\Koopas\Red\Normal</Filter>
    </ClInclude>
    <ClInclude Include="RedShelledKoopas.h">
      <Filter>Game\Enemies\Koopas\Red\Shell</Filter>
    </ClInclude>
    <ClInclude Include="NormalRG.h">
      <Filter>Game\Enemies\RedGoombas\States\Normal</Filter>
    </ClInclude>
    <ClInclude Include="RedSlidingShell.h">
      <Filter>Game\Enemies\Koopas\Red\Sliding</Filter>
    </ClInclude>
    <ClInclude Include="Scene.h">
      <Filter>Framework\Scene</Filter>
    </ClInclude>
    <ClInclude Include="SmallMario.h">
      <Filter>Game\Mario\MSmall</Filter>
    </ClInclude>
    <ClInclude Include="RedMushroom.h">
      <Filter>Game\Rewards\GreenMush</Filter>
    </ClInclude>
    <ClInclude Include="Shell.h">
      <Filter>Game\Enemies\Koopas\Green\Shell</Filter>
    </ClInclude>
    <ClInclude Include="SlidingShell.h">
      <Filter>Game\Enemies\Koopas\Green\Sliding</Filter>
    </ClInclude>
    <ClInclude Include="Textures.h">
      <Filter>Framework\Graphics\Textures</Filter>
    </ClInclude>
    <ClInclude Include="Venus.h">
      <Filter>Game\Enemies\Venus</Filter>
    </ClInclude>
    <ClInclude Include="VenusFireBall.h">
      <Filter>Game\Enemies\Venus</Filter>
    </ClInclude>
    <ClInclude Include="Sprites.h">
      <Filter>Framework\Graphics\Sprites</Filter>
    </ClInclude>
    <ClInclude Include="MoneyFx.h">
      <Filter>Game\Effects\FX\RewardFx\Money</Filter>
    </ClInclude>
    <ClInclude Include="ScoreFx.h">
      <Filter>Game\Effects\FX\RewardFx\Score</Filter>
    </ClInclude>
    <ClInclude Include="StarWhipTail.h">
      <Filter>Game\Effects\FX\TransFx\StarWhipTail</Filter>
    </ClInclude>
    <ClInclude Include="ToBigMario.h">
      <Filter>Game\Effects\FX\TransFx\ToBig</Filter>
    </ClInclude>
    <ClInclude Include="ToSmallMario.h">
      <Filter>Game\Effects\FX\TransFx\ToSmall</Filter>
    </ClInclude>
    <ClInclude Include="QuestionBlock.h">
      <Filter>Game\Blocks\QuestionBlock</Filter>
    </ClInclude>
    <ClInclude Include="SolidBlock.h">
      <Filter>Game\Blocks\Stills\Solid</Filter>
    </ClInclude>
    <ClInclude Include="StrawCube.h">
      <Filter>Game\Blocks\StrawCube</Filter>
    </ClInclude>
    <ClInclude Include="Text.h">
      <Filter>Framework\Font</Filter>
    </ClInclude>
    <ClInclude Include="WingedKoopas.h">
      <Filter>Game\Enemies\Koopas\Green\Winged</Filter>
    </ClInclude>
    <ClInclude Include="WingedRG.h">
      <Filter>Game\Enemies\RedGoombas\States\Winged</Filter>
    </ClInclude>
    <ClInclude Include="Utils.h">
      <Filter>Framework\Libs\Utils</Filter>
    </ClInclude>
    <ClInclude Include="Void.h">
      <Filter>Game\Blocks\Stills\Void</Filter>
    </ClInclude>
    <ClInclude Include="tinyXML\tinystr.h">
      <Filter>Framework\Libs\tinyxml</Filter>
    </ClInclude>
    <ClInclude Include="tinyXML\tinyxml.h">
      <Filter>Framework\Libs\tinyxml</Filter>
    </ClInclude>
    <ClInclude Include="rapidjson\allocators.h">
      <Filter>Framework\Libs\rapidjson</Filter>
    </ClInclude>
    <ClInclude Include="rapidjson\document.h">
      <Filter>Framework\Libs\rapidjson</Filter>
    </ClInclude>
    <ClInclude Include="rapidjson\encodedstream.h">
      <Filter>Framework\Libs\rapidjson</Filter>
    </ClInclude>
    <ClInclude Include="rapidjson\encodings.h">
      <Filter>Framework\Libs\rapidjson</Filter>
    </ClInclude>
    <ClInclude Include="rapidjson\filereadstream.h">
      <Filter>Framework\Libs\rapidjson</Filter>
    </ClInclude>
    <ClInclude Include="rapidjson\filewritestream.h">
      <Filter>Framework\Libs\rapidjson</Filter>
    </ClInclude>
    <ClInclude Include="rapidjson\fwd.h">
      <Filter>Framework\Libs\rapidjson</Filter>
    </ClInclude>
    <ClInclude Include="rapidjson\istreamwrapper.h">
      <Filter>Framework\Libs\rapidjson</Filter>
    </ClInclude>
    <ClInclude Include="rapidjson\memorybuffer.h">
      <Filter>Framework\Libs\rapidjson</Filter>
    </ClInclude>
    <ClInclude Include="rapidjson\memorystream.h">
      <Filter>Framework\Libs\rapidjson</Filter>
    </ClInclude>
    <ClInclude Include="rapidjson\ostreamwrapper.h">
      <Filter>Framework\Libs\rapidjson</Filter>
    </ClInclude>
    <ClInclude Include="rapidjson\pointer.h">
      <Filter>Framework\Libs\rapidjson</Filter>
    </ClInclude>
    <ClInclude Include="rapidjson\prettywriter.h">
      <Filter>Framework\Libs\rapidjson</Filter>
    </ClInclude>
    <ClInclude Include="rapidjson\rapidjson.h">
      <Filter>Framework\Libs\rapidjson</Filter>
    </ClInclude>
    <ClInclude Include="rapidjson\reader.h">
      <Filter>Framework\Libs\rapidjson</Filter>
    </ClInclude>
    <ClInclude Include="rapidjson\schema.h">
      <Filter>Framework\Libs\rapidjson</Filter>
    </ClInclude>
    <ClInclude Include="rapidjson\stream.h">
      <Filter>Framework\Libs\rapidjson</Filter>
    </ClInclude>
    <ClInclude Include="rapidjson\stringbuffer.h">
      <Filter>Framework\Libs\rapidjson</Filter>
    </ClInclude>
    <ClInclude Include="rapidjson\writer.h">
      <Filter>Framework\Libs\rapidjson</Filter>
    </ClInclude>
    <ClInclude Include="Entries.h">
      <Filter>Game\Overworld\Entries</Filter>
    </ClInclude>
    <ClInclude Include="MapEntry.h">
      <Filter>Game\Overworld\MapEntry</Filter>
    </ClInclude>
    <ClInclude Include="MapMario.h">
      <Filter>Game\Overworld\Mario</Filter>
    </ClInclude>
    <ClInclude Include="Map.h">
      <Filter>Game\Map\Map</Filter>
    </ClInclude>
    <ClInclude Include="MapLayer.h">
      <Filter>Game\Map\MapLayers</Filter>
    </ClInclude>
    <ClInclude Include="PSwitch.h">
      <Filter>Game\Rewards\PSwitch</Filter>
    </ClInclude>
    <ClInclude Include="Portal.h">
      <Filter>Game\Portals\CPortal</Filter>
    </ClInclude>
    <ClInclude Include="NormalKoopas.h">
      <Filter>Game\Enemies\Koopas\Green\Normal</Filter>
    </ClInclude>
    <ClInclude Include="QBlockBounce.h">
      <Filter>Game\Effects\FX\TreesFx\QBB</Filter>
    </ClInclude>
    <ClInclude Include="OverworldTrees.h">
      <Filter>Game\Effects\FX\TreesFx\JigglyTrees</Filter>
    </ClInclude>
    <ClInclude Include="IntroScene.h">
      <Filter>Game\Scenes\Intro</Filter>
    </ClInclude>
    <ClInclude Include="Curtain.h">
      <Filter>Game\Effects\Intro\Curtain</Filter>
    </ClInclude>
    <ClInclude Include="GameTitle.h">
      <Filter>Game\Effects\Intro\Title</Filter>
    </ClInclude>
    <ClInclude Include="IntroBackground.h">
      <Filter>Game\Effects\Intro\Background</Filter>
    </ClInclude>
    <ClInclude Include="ArrowPicker.h">
      <Filter>Game\Scenes\Intro\Arrow</Filter>
    </ClInclude>
    <ClInclude Include="BrickSpecks.h">
      <Filter>Game\Effects\FX\BrickBreak\BrickSpeck</Filter>
    </ClInclude>
    <ClInclude Include="NormalGoomba.h">
      <Filter>Game\Enemies\Goombas\Normal</Filter>
    </ClInclude>
    <ClInclude Include="WingedGoomba.h">
      <Filter>Game\Enemies\Goombas\WingedGoomba</Filter>
    </ClInclude>
    <ClInclude Include="Card.h" />
  </ItemGroup>
  <ItemGroup>
    <Xml Include="Resource\GameData.xml">
      <Filter>Resources</Filter>
    </Xml>
    <Xml Include="Resource\Animations\EffectAnim.xml">
      <Filter>Resources\Animations</Filter>
    </Xml>
    <Xml Include="Resource\Animations\EnemyAnim.xml">
      <Filter>Resources\Animations</Filter>
    </Xml>
    <Xml Include="Resource\Animations\IntroAnim.xml">
      <Filter>Resources\Animations</Filter>
    </Xml>
    <Xml Include="Resource\Animations\MarioAnim.xml">
      <Filter>Resources\Animations</Filter>
    </Xml>
    <Xml Include="Resource\Animations\MiscAnim.xml">
      <Filter>Resources\Animations</Filter>
    </Xml>
    <Xml Include="Resource\Sprites\MarioDB.xml">
      <Filter>Resources\Sprites</Filter>
    </Xml>
    <Xml Include="Resource\Sprites\MiscDB.xml">
      <Filter>Resources\Sprites</Filter>
    </Xml>
    <Xml Include="Resource\Sprites\IntroDB.xml">
      <Filter>Resources\Sprites</Filter>
    </Xml>
    <Xml Include="Resource\Scenes\Overworld.xml">
      <Filter>Resources\Scenes</Filter>
    </Xml>
    <Xml Include="Resource\Scenes\World1-3.xml">
      <Filter>Resources\Scenes</Filter>
    </Xml>
    <Xml Include="Resource\Sprites\OverworldMapDB.xml">
      <Filter>Resources\Sprites</Filter>
    </Xml>
    <Xml Include="Resource\Animations\OverworldMapAnim.xml">
      <Filter>Resources\Animations</Filter>
    </Xml>
    <Xml Include="Resource\Sprites\EffectDB.xml">
      <Filter>Resources\Sprites</Filter>
    </Xml>
    <Xml Include="Resource\Scenes\demo.xml">
      <Filter>Resources\Scenes</Filter>
    </Xml>
    <Xml Include="Resource\Sprites\UiDB.xml">
      <Filter>Resources\Sprites</Filter>
    </Xml>
    <Xml Include="Resource\Animations\UiAnim.xml">
      <Filter>Resources\Animations</Filter>
    </Xml>
    <Xml Include="Resource\Scenes\World1-1.xml">
      <Filter>Resources\Scenes</Filter>
    </Xml>
    <Xml Include="Resource\Sprites\EnemyDB.xml">
      <Filter>Resources\Sprites</Filter>
    </Xml>
    <Xml Include="Resource\Scenes\Intro.xml">
      <Filter>Resources\Scenes</Filter>
    </Xml>
  </ItemGroup>
  <ItemGroup>
    <Image Include="Resource\Textures\box.png">
      <Filter>Resources\Textures</Filter>
    </Image>
    <Image Include="Resource\Textures\box-small.png">
      <Filter>Resources\Textures</Filter>
    </Image>
    <Image Include="Resource\Textures\brick-debris.png">
      <Filter>Resources\Textures</Filter>
    </Image>
    <Image Include="Resource\Textures\dialogs.png">
      <Filter>Resources\Textures</Filter>
    </Image>
    <Image Include="Resource\Textures\dialogs_x3.png">
      <Filter>Resources\Textures</Filter>
    </Image>
    <Image Include="Resource\Textures\effect_white_254_x3.png">
      <Filter>Resources\Textures</Filter>
    </Image>
    <Image Include="Resource\Textures\enemy_white.png">
      <Filter>Resources\Textures</Filter>
    </Image>
    <Image Include="Resource\Textures\enemy.png">
      <Filter>Resources\Textures</Filter>
    </Image>
    <Image Include="Resource\Textures\fire-ball.png">
      <Filter>Resources\Textures</Filter>
    </Image>
    <Image Include="Resource\Textures\fire-ball-white.png">
      <Filter>Resources\Textures</Filter>
    </Image>
    <Image Include="Resource\Textures\hud_dialog.png">
      <Filter>Resources\Textures</Filter>
    </Image>
    <Image Include="Resource\Textures\intro (1).png">
      <Filter>Resources\Textures</Filter>
    </Image>
    <Image Include="Resource\Textures\intro.png">
      <Filter>Resources\Textures</Filter>
    </Image>
    <Image Include="Resource\Textures\intro_x3.png">
      <Filter>Resources\Textures</Filter>
    </Image>
    <Image Include="Resource\Textures\items.png">
      <Filter>Resources\Textures</Filter>
    </Image>
    <Image Include="Resource\Textures\misc_x3.png">
      <Filter>Resources\Textures</Filter>
    </Image>
    <Image Include="Resource\Textures\overworld_x3.png">
      <Filter>Resources\Textures</Filter>
    </Image>
    <Image Include="Resource\Textures\pipe.png">
      <Filter>Resources\Textures</Filter>
    </Image>
    <Image Include="Resource\Textures\reward_x3.png">
      <Filter>Resources\Textures</Filter>
    </Image>
    <Image Include="Resource\Textures\test-box.png">
      <Filter>Resources\Textures</Filter>
    </Image>
    <Image Include="Resource\Textures\mario.png">
      <Filter>Resources\Textures</Filter>
    </Image>
    <Image Include="Resource\Textures\ui.png">
      <Filter>Resources\Textures</Filter>
    </Image>
    <Image Include="Resource\Textures\ui_x3.png">
      <Filter>Resources\Textures</Filter>
    </Image>
  </ItemGroup>
  <ItemGroup>
    <None Include="Resource\Textures\intro.psd">
      <Filter>Resources\Textures</Filter>
    </None>
    <None Include="Resource\Map\World1-1\world-1-1-map-obj.tmx">
      <Filter>Resources\Maps</Filter>
    </None>
    <None Include="Resource\Map\World1-1\world-1-3-map.tmx">
      <Filter>Resources\Maps</Filter>
    </None>
    <None Include="Resource\Map\Overworld\overworld-1-map.tmx">
      <Filter>Resources\Maps</Filter>
    </None>
    <None Include="Resource\Map\Intro\intro-map.tmx">
      <Filter>Resources\Maps</Filter>
    </None>
  </ItemGroup>
  <ItemGroup>
    <Filter Include="Game">
      <UniqueIdentifier>{b02e0adb-51cd-4d24-bbb1-e8d4b45c3fb4}</UniqueIdentifier>
    </Filter>
    <Filter Include="Resources">
      <UniqueIdentifier>{13078d09-788b-41ed-b6ed-ff1573f3e6fe}</UniqueIdentifier>
    </Filter>
    <Filter Include="Framework">
      <UniqueIdentifier>{cbf7cf4e-0759-4498-bd69-060f33644db2}</UniqueIdentifier>
    </Filter>
    <Filter Include="Resources\Textures">
      <UniqueIdentifier>{ef88e44e-ccfa-46e7-a2e4-08d87b819993}</UniqueIdentifier>
    </Filter>
    <Filter Include="Resources\Animations">
      <UniqueIdentifier>{7de84229-ef93-44a9-90f4-5954dcfbe50b}</UniqueIdentifier>
    </Filter>
    <Filter Include="Resources\Sprites">
      <UniqueIdentifier>{f5bcb233-817e-4abf-97e7-aa361c68dce7}</UniqueIdentifier>
    </Filter>
    <Filter Include="Resources\Scenes">
      <UniqueIdentifier>{0c30a6ce-82cc-4370-9bd8-3fc2a20d511c}</UniqueIdentifier>
    </Filter>
    <Filter Include="Resources\Maps">
      <UniqueIdentifier>{9a9b917c-4849-4faf-8f47-31bd188be3f5}</UniqueIdentifier>
    </Filter>
    <Filter Include="Game\Mario">
      <UniqueIdentifier>{08d26b72-58fc-47f5-b297-491abab8354b}</UniqueIdentifier>
    </Filter>
    <Filter Include="Game\Mario\MFire">
      <UniqueIdentifier>{a72c9c72-b29c-4c5e-9de4-b077105dd289}</UniqueIdentifier>
    </Filter>
    <Filter Include="Game\Mario\MRacoon">
      <UniqueIdentifier>{9701c207-c49d-4bea-8c40-c28da9e612b1}</UniqueIdentifier>
    </Filter>
    <Filter Include="Game\Mario\MBig">
      <UniqueIdentifier>{f597a79d-eeaa-415f-8ad4-4d1a7da7f760}</UniqueIdentifier>
    </Filter>
    <Filter Include="Game\Mario\MSmall">
      <UniqueIdentifier>{1166db61-b19f-45f7-8fff-757cd00107d9}</UniqueIdentifier>
    </Filter>
    <Filter Include="Framework\Graphics">
      <UniqueIdentifier>{d4a13512-7857-4345-9d43-c7860be5879d}</UniqueIdentifier>
    </Filter>
    <Filter Include="Framework\Graphics\Animations">
      <UniqueIdentifier>{afbe29a6-97be-4a51-89d2-cb7a27cff8ad}</UniqueIdentifier>
    </Filter>
    <Filter Include="Framework\Graphics\Sprites">
      <UniqueIdentifier>{b5ca700d-33fc-414c-9e26-4d5d0d6f3b38}</UniqueIdentifier>
    </Filter>
    <Filter Include="Framework\Graphics\Textures">
      <UniqueIdentifier>{43fd8e2d-7da0-45a6-b6e0-22152866e054}</UniqueIdentifier>
    </Filter>
    <Filter Include="Game\Portals">
      <UniqueIdentifier>{c3e5037b-e8e1-4541-aad3-e9c93c694987}</UniqueIdentifier>
    </Filter>
    <Filter Include="Game\Portals\BeginPortals">
      <UniqueIdentifier>{28ed54ce-44bd-434d-9f50-82ec36e5f44d}</UniqueIdentifier>
    </Filter>
    <Filter Include="Game\Enemies">
      <UniqueIdentifier>{c24abd59-d3d2-48e7-95cb-1eb3c96b5e9e}</UniqueIdentifier>
    </Filter>
    <Filter Include="Game\Enemies\Boombro">
      <UniqueIdentifier>{c74d19ae-00db-4140-8454-9e973cdbff15}</UniqueIdentifier>
    </Filter>
    <Filter Include="Game\Blocks">
      <UniqueIdentifier>{edf2ee60-6cb0-4517-aa2a-9b6b421459ac}</UniqueIdentifier>
    </Filter>
    <Filter Include="Game\Enemies\Goombas">
      <UniqueIdentifier>{b0d743ea-8875-4eae-a852-6f7b9d185661}</UniqueIdentifier>
    </Filter>
    <Filter Include="Game\Enemies\Koopas">
      <UniqueIdentifier>{0cdad5c3-9938-4ca4-8187-b93175cba2e6}</UniqueIdentifier>
    </Filter>
    <Filter Include="Game\Enemies\RedGoombas">
      <UniqueIdentifier>{4d9f1f85-5618-4d86-bf99-f69e5758ba8d}</UniqueIdentifier>
    </Filter>
    <Filter Include="Game\Effects">
      <UniqueIdentifier>{3440097e-3046-440f-a5a4-a047da69f5b6}</UniqueIdentifier>
    </Filter>
    <Filter Include="Game\Blocks\Brick">
      <UniqueIdentifier>{2e3f08d1-6ba2-416d-a1c3-69585cd04cf0}</UniqueIdentifier>
    </Filter>
    <Filter Include="Framework\Camera">
      <UniqueIdentifier>{075740d0-caac-4992-b5d1-2ee7d8c40640}</UniqueIdentifier>
    </Filter>
    <Filter Include="Framework\Grid">
      <UniqueIdentifier>{ba6dd51b-048b-4679-aa55-a50335d3904f}</UniqueIdentifier>
    </Filter>
    <Filter Include="Game\Rewards">
      <UniqueIdentifier>{40e259a9-5ca3-4b61-8c2b-5402f7ad9aee}</UniqueIdentifier>
    </Filter>
    <Filter Include="Game\Rewards\Coin">
      <UniqueIdentifier>{4f701931-e3ab-4a55-96b4-c4e7022b6bff}</UniqueIdentifier>
    </Filter>
    <Filter Include="Game\Rewards\Leaf">
      <UniqueIdentifier>{8173a868-eb49-431f-8666-f86651957821}</UniqueIdentifier>
    </Filter>
    <Filter Include="Game\Rewards\GreenMush">
      <UniqueIdentifier>{d2e921fe-d720-45c7-8d9c-cc47dbae46f4}</UniqueIdentifier>
    </Filter>
    <Filter Include="Game\Rewards\EndCard">
      <UniqueIdentifier>{657f9925-a090-4d4a-8fd2-fcf7ed14e8f7}</UniqueIdentifier>
    </Filter>
    <Filter Include="Game\Effects\Base">
      <UniqueIdentifier>{f5abf247-586a-460b-9836-c9bef5e60934}</UniqueIdentifier>
    </Filter>
    <Filter Include="Game\Effects\FX">
      <UniqueIdentifier>{8cbcfec7-e88b-4b96-aad4-79c9f84772a3}</UniqueIdentifier>
    </Filter>
    <Filter Include="Game\Portals\EndPortals">
      <UniqueIdentifier>{129880c8-464e-43ef-a4d1-de77e8ef3a42}</UniqueIdentifier>
    </Filter>
    <Filter Include="Game\Effects\FX\EndSceneTxt">
      <UniqueIdentifier>{b7970468-a932-485f-b071-570bb8c54fe1}</UniqueIdentifier>
    </Filter>
    <Filter Include="Game\Blocks\CoinBrick">
      <UniqueIdentifier>{5ef715d7-30d1-45d2-b51f-d5b3cc9f1e95}</UniqueIdentifier>
    </Filter>
    <Filter Include="Game\Scenes">
      <UniqueIdentifier>{9b425126-2a26-4379-aa7b-315ad69c2b70}</UniqueIdentifier>
    </Filter>
    <Filter Include="Game\Scenes\PlayScene">
      <UniqueIdentifier>{e130b228-8110-4b76-b5aa-e4f8748490da}</UniqueIdentifier>
    </Filter>
    <Filter Include="Game\Scenes\WorldScene">
      <UniqueIdentifier>{f23ab38f-ff69-4ae3-ba11-e412800a32a1}</UniqueIdentifier>
    </Filter>
    <Filter Include="Framework\GameObj">
      <UniqueIdentifier>{40d07c26-bf25-42bf-a3d0-ce697c8d873a}</UniqueIdentifier>
    </Filter>
    <Filter Include="Framework\Game">
      <UniqueIdentifier>{494b6841-8560-427e-9653-a02fcf064c05}</UniqueIdentifier>
    </Filter>
    <Filter Include="Framework\Libs">
      <UniqueIdentifier>{bb74a139-833b-49c1-8137-89b53b34fe7e}</UniqueIdentifier>
    </Filter>
    <Filter Include="Framework\Libs\tinyxml">
      <UniqueIdentifier>{d5e4ba01-50f8-4363-98a8-296d5924e3c2}</UniqueIdentifier>
    </Filter>
    <Filter Include="Framework\Libs\rapidjson">
      <UniqueIdentifier>{6fac95d8-2d06-4cd9-aa56-d927f61af6a9}</UniqueIdentifier>
    </Filter>
    <Filter Include="Framework\Font">
      <UniqueIdentifier>{3cf157ce-3da2-466c-afb5-34dc6cf6d4a0}</UniqueIdentifier>
    </Filter>
    <Filter Include="Game\Effects\FX\FlyingCard">
      <UniqueIdentifier>{200b72ca-23c9-4462-abb7-14609d2f7a17}</UniqueIdentifier>
    </Filter>
    <Filter Include="Game\Overworld">
      <UniqueIdentifier>{9c3033fe-976d-4f09-92e3-15513159eede}</UniqueIdentifier>
    </Filter>
    <Filter Include="Framework\Keyboard">
      <UniqueIdentifier>{84767c5d-0726-4533-9688-7460dfae890c}</UniqueIdentifier>
    </Filter>
    <Filter Include="Game\HUD">
      <UniqueIdentifier>{6216bb4a-4c4c-436b-a580-b9ba674f18c3}</UniqueIdentifier>
    </Filter>
    <Filter Include="Game\Map">
      <UniqueIdentifier>{91cb4534-b733-47f9-9d03-7996c5c93d85}</UniqueIdentifier>
    </Filter>
    <Filter Include="Game\Effects\FX\DieFx">
      <UniqueIdentifier>{cb183147-3def-44ba-b2a3-341dd6eac33f}</UniqueIdentifier>
    </Filter>
    <Filter Include="Game\Effects\FX\TransFx">
      <UniqueIdentifier>{6db9aa3c-a56a-46a9-aeaa-44249a98e1fc}</UniqueIdentifier>
    </Filter>
    <Filter Include="Game\Effects\FX\RewardFx">
      <UniqueIdentifier>{e6137e67-d26d-4b63-a0d8-e1dade300584}</UniqueIdentifier>
    </Filter>
    <Filter Include="Game\Effects\FX\BrickBreak">
      <UniqueIdentifier>{79d0aaa1-8a3f-47b9-a481-e262d307ec2b}</UniqueIdentifier>
    </Filter>
    <Filter Include="Game\Effects\Intro">
      <UniqueIdentifier>{c914add2-e869-4519-8415-a9bbb09699ca}</UniqueIdentifier>
    </Filter>
    <Filter Include="Game\Blocks\Music">
      <UniqueIdentifier>{2c274614-d93c-4cee-b271-eaf7c1d6643f}</UniqueIdentifier>
    </Filter>
    <Filter Include="Game\Enemies\Koopas\Green">
      <UniqueIdentifier>{c06a7a7c-6ed8-4b12-87cf-3eccbc0ec6f7}</UniqueIdentifier>
    </Filter>
    <Filter Include="Game\Enemies\Koopas\Red">
      <UniqueIdentifier>{98f3733f-9fff-4d7d-8eb6-2ca777a782fc}</UniqueIdentifier>
    </Filter>
    <Filter Include="Game\Enemies\RedGoombas\States">
      <UniqueIdentifier>{e632764d-a127-4a3e-8533-560649942dc0}</UniqueIdentifier>
    </Filter>
    <Filter Include="Game\Blocks\Pipe">
      <UniqueIdentifier>{0d366167-ca35-40c3-a858-ef93b79a0336}</UniqueIdentifier>
    </Filter>
    <Filter Include="Game\PlayerData">
      <UniqueIdentifier>{55b5c709-7376-4efa-bbd6-6b61ab374854}</UniqueIdentifier>
    </Filter>
    <Filter Include="Game\Effects\FX\TransFx\Poof">
      <UniqueIdentifier>{5bf18e0e-52c9-41a5-b2a5-394b04d5a60c}</UniqueIdentifier>
    </Filter>
    <Filter Include="Game\Effects\FX\TransFx\Trans">
      <UniqueIdentifier>{791010d2-1971-49b8-bb79-e08a216cfb8b}</UniqueIdentifier>
    </Filter>
    <Filter Include="Game\Mario\MRacoon\Tail">
      <UniqueIdentifier>{7aeff986-b735-4d2a-882e-f6894c95b257}</UniqueIdentifier>
    </Filter>
    <Filter Include="Game\Enemies\Koopas\Red\Normal">
      <UniqueIdentifier>{1d134fdd-2658-4928-852e-5c12965b2276}</UniqueIdentifier>
    </Filter>
    <Filter Include="Game\Enemies\Koopas\Red\Shell">
      <UniqueIdentifier>{bca369c3-452a-4227-9500-b75ef4a5cad8}</UniqueIdentifier>
    </Filter>
    <Filter Include="Game\Enemies\RedGoombas\States\Normal">
      <UniqueIdentifier>{ce15eb95-1e9e-4750-82c3-57b53dd9a1ca}</UniqueIdentifier>
    </Filter>
    <Filter Include="Game\Enemies\Koopas\Red\Sliding">
      <UniqueIdentifier>{da0b9709-3501-45bf-b8be-895651a89af0}</UniqueIdentifier>
    </Filter>
    <Filter Include="Framework\Scene">
      <UniqueIdentifier>{ef07135a-83aa-4b13-8743-f4bc6d9d5042}</UniqueIdentifier>
    </Filter>
    <Filter Include="Game\Enemies\Koopas\Green\Normal">
      <UniqueIdentifier>{0a87b3af-8158-42fe-94f5-95a8ee6a1ff8}</UniqueIdentifier>
    </Filter>
    <Filter Include="Game\Enemies\Koopas\Green\Sliding">
      <UniqueIdentifier>{4ffe66aa-45f2-43c2-95d7-0cd4a2fa71f2}</UniqueIdentifier>
    </Filter>
    <Filter Include="Game\Enemies\Koopas\Green\Winged">
      <UniqueIdentifier>{c8ac3330-c88e-4eb5-bb8c-555a89ed3cc0}</UniqueIdentifier>
    </Filter>
    <Filter Include="Game\Enemies\Koopas\Green\Shell">
      <UniqueIdentifier>{31f90435-027e-43b9-98fc-45a2b3ef33b4}</UniqueIdentifier>
    </Filter>
    <Filter Include="Game\Enemies\Venus">
      <UniqueIdentifier>{a78647ee-4dbb-4338-8c20-71b224709d66}</UniqueIdentifier>
    </Filter>
    <Filter Include="Game\Effects\FX\TransFx\ToBig">
      <UniqueIdentifier>{511cf852-45fa-41f3-947b-f491876edeaa}</UniqueIdentifier>
    </Filter>
    <Filter Include="Game\Effects\FX\TransFx\ToSmall">
      <UniqueIdentifier>{fa92e700-7bef-4228-9656-0da869daf51b}</UniqueIdentifier>
    </Filter>
    <Filter Include="Game\Effects\FX\TransFx\StarWhipTail">
      <UniqueIdentifier>{f6b8ebfc-7b61-4fec-b5b7-cda5092bb858}</UniqueIdentifier>
    </Filter>
    <Filter Include="Game\Effects\FX\RewardFx\Score">
      <UniqueIdentifier>{35d88071-4f5a-455d-8013-852766088e20}</UniqueIdentifier>
    </Filter>
    <Filter Include="Game\Effects\FX\RewardFx\Money">
      <UniqueIdentifier>{66eba7b7-bfee-4455-871d-78ac6a1815e1}</UniqueIdentifier>
    </Filter>
    <Filter Include="Game\Blocks\StrawCube">
      <UniqueIdentifier>{4958e93f-d710-49f0-8752-39cad336cc5c}</UniqueIdentifier>
    </Filter>
    <Filter Include="Game\Blocks\QuestionBlock">
      <UniqueIdentifier>{a1bc3c1c-83dd-41e9-ae13-518ae3b6bdb2}</UniqueIdentifier>
    </Filter>
    <Filter Include="Game\Enemies\RedGoombas\States\Winged">
      <UniqueIdentifier>{1c18bab3-d943-4f24-92ea-ba6e9ab9f380}</UniqueIdentifier>
    </Filter>
    <Filter Include="Framework\Libs\Utils">
      <UniqueIdentifier>{4537f84b-c1ee-46cf-8425-c236dcf48635}</UniqueIdentifier>
    </Filter>
    <Filter Include="Game\Blocks\Stills">
      <UniqueIdentifier>{b03f0c87-fa6f-467d-a448-53afe8a26ec0}</UniqueIdentifier>
    </Filter>
    <Filter Include="Game\Blocks\Stills\Void">
      <UniqueIdentifier>{e8749ae4-4ff4-436c-bb20-a0af4eea6a75}</UniqueIdentifier>
    </Filter>
    <Filter Include="Game\Blocks\Stills\Bounds">
      <UniqueIdentifier>{10dc94f7-c703-4c10-a4c4-a12b090553dd}</UniqueIdentifier>
    </Filter>
    <Filter Include="Game\Blocks\Stills\Ghost">
      <UniqueIdentifier>{3d3d4b2b-3922-4e05-aeb4-04109772c69f}</UniqueIdentifier>
    </Filter>
    <Filter Include="Game\Blocks\Stills\Solid">
      <UniqueIdentifier>{49388024-bf43-4220-9f7b-bfe0601f9fb4}</UniqueIdentifier>
    </Filter>
    <Filter Include="Game\Overworld\Entries">
      <UniqueIdentifier>{842c8a03-4baf-48ec-9de8-8ca7cb67dcfd}</UniqueIdentifier>
    </Filter>
    <Filter Include="Game\Overworld\MapEntry">
      <UniqueIdentifier>{6298a0c3-f08f-4a18-9ea1-d81ee9863d53}</UniqueIdentifier>
    </Filter>
    <Filter Include="Game\Overworld\Mario">
      <UniqueIdentifier>{c81728c0-f061-4e6f-8590-33e58779889b}</UniqueIdentifier>
    </Filter>
    <Filter Include="Game\Effects\FX\TreesFx">
      <UniqueIdentifier>{ff0ad8b1-df13-4f5f-83ac-1157e30c963c}</UniqueIdentifier>
    </Filter>
    <Filter Include="Game\Map\Map">
      <UniqueIdentifier>{b041d78d-1f9a-432c-8226-333402b68faa}</UniqueIdentifier>
    </Filter>
    <Filter Include="Game\Map\MapLayers">
      <UniqueIdentifier>{b00ca7ae-c510-4c92-a0df-6d1588a27bd2}</UniqueIdentifier>
    </Filter>
    <Filter Include="Game\Rewards\PSwitch">
      <UniqueIdentifier>{1b745cdc-d537-470c-bc5a-a75fcf7ca437}</UniqueIdentifier>
    </Filter>
    <Filter Include="Game\Portals\CPortal">
      <UniqueIdentifier>{4def0420-8b6f-483f-906f-d5ffb536ad3a}</UniqueIdentifier>
    </Filter>
    <Filter Include="Game\Effects\FX\TreesFx\QBB">
      <UniqueIdentifier>{1da06b02-f04c-4cfa-b7c1-ddaf19c84311}</UniqueIdentifier>
    </Filter>
    <Filter Include="Game\Effects\FX\TreesFx\JigglyTrees">
      <UniqueIdentifier>{f8f18199-3c1e-45f5-97e9-629db63b7486}</UniqueIdentifier>
    </Filter>
    <Filter Include="Game\Scenes\Intro">
      <UniqueIdentifier>{fefb9442-0693-4b50-b033-d677dcddc498}</UniqueIdentifier>
    </Filter>
    <Filter Include="Game\Effects\Intro\Curtain">
      <UniqueIdentifier>{63745afe-01e8-48c7-8d52-faa2a0c97465}</UniqueIdentifier>
    </Filter>
    <Filter Include="Game\Effects\Intro\Title">
      <UniqueIdentifier>{7aca1e9c-4bb7-4a20-93a6-32dac80a6525}</UniqueIdentifier>
    </Filter>
    <Filter Include="Game\Effects\Intro\Background">
      <UniqueIdentifier>{b240b495-b363-4310-a72b-3d4e2f6ed1c8}</UniqueIdentifier>
    </Filter>
    <Filter Include="Game\Scenes\Intro\Arrow">
      <UniqueIdentifier>{51c4c65f-c277-46f5-8d47-c1fc3186cff1}</UniqueIdentifier>
    </Filter>
    <Filter Include="Game\Effects\FX\BrickBreak\BrickSpeck">
      <UniqueIdentifier>{be7ac465-908d-4c60-8776-77758098be69}</UniqueIdentifier>
    </Filter>
    <Filter Include="Game\Enemies\Goombas\Normal">
      <UniqueIdentifier>{055c7095-0fff-4796-a643-aa2228f0b922}</UniqueIdentifier>
    </Filter>
    <Filter Include="Game\Enemies\Goombas\WingedGoomba">
      <UniqueIdentifier>{9149e86b-a8d3-433f-969d-1e01de2570ca}</UniqueIdentifier>
    </Filter>
    <Filter Include="Game\Rewards\RewardCard">
      <UniqueIdentifier>{07d30aff-9941-4426-ae5f-aed53b7c17df}</UniqueIdentifier>
    </Filter>
  </ItemGroup>
</Project>